
Microsoft Visual Studio Solution File, Format Version 12.00
# Visual Studio Version 17
VisualStudioVersion = 17.2.32630.192
MinimumVisualStudioVersion = 10.0.40219.1
Project("{888888A0-9F3D-457C-B088-3A5042F75D52}") = "hangman", "hangman.pyproj", "{EC55CED3-4DBC-4A7B-B68B-91843A8CBA3A}"
EndProject
Global
	GlobalSection(SolutionConfigurationPlatforms) = preSolution
		Debug|Any CPU = Debug|Any CPU
		Release|Any CPU = Release|Any CPU
	EndGlobalSection
	GlobalSection(ProjectConfigurationPlatforms) = postSolution
		{EC55CED3-4DBC-4A7B-B68B-91843A8CBA3A}.Debug|Any CPU.ActiveCfg = Debug|Any CPU
		{EC55CED3-4DBC-4A7B-B68B-91843A8CBA3A}.Release|Any CPU.ActiveCfg = Release|Any CPU
	EndGlobalSection
	GlobalSection(SolutionProperties) = preSolution
		HideSolutionNode = FALSE
	EndGlobalSection
	GlobalSection(ExtensibilityGlobals) = postSolution
		SolutionGuid = {2F5AE980-E923-45A3-88CF-D60DB12CB267}
	EndGlobalSection
EndGlobal
